// !$*UTF8*$!
{
	archiveVersion = 1;
	classes = {
	};
	objectVersion = 46;
	objects = {

/* Begin PBXBuildFile section */
		5E5128131E8EAEF000CDCDFB /* AppDelegate.swift in Sources */ = {isa = PBXBuildFile; fileRef = 5E5128121E8EAEF000CDCDFB /* AppDelegate.swift */; };
		5E5128151E8EAEF000CDCDFB /* ConnectViewController.swift in Sources */ = {isa = PBXBuildFile; fileRef = 5E5128141E8EAEF000CDCDFB /* ConnectViewController.swift */; };
		5E5128181E8EAEF000CDCDFB /* Main.storyboard in Resources */ = {isa = PBXBuildFile; fileRef = 5E5128161E8EAEF000CDCDFB /* Main.storyboard */; };
		5E51281B1E8EAEF000CDCDFB /* ConnectWithMe.xcdatamodeld in Sources */ = {isa = PBXBuildFile; fileRef = 5E5128191E8EAEF000CDCDFB /* ConnectWithMe.xcdatamodeld */; };
		5E51281D1E8EAEF000CDCDFB /* Assets.xcassets in Resources */ = {isa = PBXBuildFile; fileRef = 5E51281C1E8EAEF000CDCDFB /* Assets.xcassets */; };
		5E5128201E8EAEF000CDCDFB /* LaunchScreen.storyboard in Resources */ = {isa = PBXBuildFile; fileRef = 5E51281E1E8EAEF000CDCDFB /* LaunchScreen.storyboard */; };
		5E5128281E8EB5E400CDCDFB /* ConnectionsViewController.swift in Sources */ = {isa = PBXBuildFile; fileRef = 5E5128271E8EB5E400CDCDFB /* ConnectionsViewController.swift */; };
		5E51282E1E8EBB3A00CDCDFB /* Connection.swift in Sources */ = {isa = PBXBuildFile; fileRef = 5E51282D1E8EBB3A00CDCDFB /* Connection.swift */; };
		5E5128301E8EBC5C00CDCDFB /* SendEmailViewController.swift in Sources */ = {isa = PBXBuildFile; fileRef = 5E51282F1E8EBC5C00CDCDFB /* SendEmailViewController.swift */; };
/* End PBXBuildFile section */

/* Begin PBXFileReference section */
		5E51280F1E8EAEF000CDCDFB /* ConnectWithMe.app */ = {isa = PBXFileReference; explicitFileType = wrapper.application; includeInIndex = 0; path = ConnectWithMe.app; sourceTree = BUILT_PRODUCTS_DIR; };
		5E5128121E8EAEF000CDCDFB /* AppDelegate.swift */ = {isa = PBXFileReference; lastKnownFileType = sourcecode.swift; path = AppDelegate.swift; sourceTree = "<group>"; };
		5E5128141E8EAEF000CDCDFB /* ConnectViewController.swift */ = {isa = PBXFileReference; lastKnownFileType = sourcecode.swift; path = ConnectViewController.swift; sourceTree = "<group>"; };
		5E5128171E8EAEF000CDCDFB /* Base */ = {isa = PBXFileReference; lastKnownFileType = file.storyboard; name = Base; path = Base.lproj/Main.storyboard; sourceTree = "<group>"; };
		5E51281A1E8EAEF000CDCDFB /* ConnectWithMe.xcdatamodel */ = {isa = PBXFileReference; lastKnownFileType = wrapper.xcdatamodel; path = ConnectWithMe.xcdatamodel; sourceTree = "<group>"; };
		5E51281C1E8EAEF000CDCDFB /* Assets.xcassets */ = {isa = PBXFileReference; lastKnownFileType = folder.assetcatalog; path = Assets.xcassets; sourceTree = "<group>"; };
		5E51281F1E8EAEF000CDCDFB /* Base */ = {isa = PBXFileReference; lastKnownFileType = file.storyboard; name = Base; path = Base.lproj/LaunchScreen.storyboard; sourceTree = "<group>"; };
		5E5128211E8EAEF000CDCDFB /* Info.plist */ = {isa = PBXFileReference; lastKnownFileType = text.plist.xml; path = Info.plist; sourceTree = "<group>"; };
		5E5128271E8EB5E400CDCDFB /* ConnectionsViewController.swift */ = {isa = PBXFileReference; fileEncoding = 4; lastKnownFileType = sourcecode.swift; path = ConnectionsViewController.swift; sourceTree = "<group>"; };
		5E51282D1E8EBB3A00CDCDFB /* Connection.swift */ = {isa = PBXFileReference; fileEncoding = 4; lastKnownFileType = sourcecode.swift; path = Connection.swift; sourceTree = "<group>"; };
		5E51282F1E8EBC5C00CDCDFB /* SendEmailViewController.swift */ = {isa = PBXFileReference; fileEncoding = 4; lastKnownFileType = sourcecode.swift; path = SendEmailViewController.swift; sourceTree = "<group>"; };
/* End PBXFileReference section */

/* Begin PBXFrameworksBuildPhase section */
		5E51280C1E8EAEF000CDCDFB /* Frameworks */ = {
			isa = PBXFrameworksBuildPhase;
			buildActionMask = 2147483647;
			files = (
			);
			runOnlyForDeploymentPostprocessing = 0;
		};
/* End PBXFrameworksBuildPhase section */

/* Begin PBXGroup section */
		5E5128061E8EAEF000CDCDFB = {
			isa = PBXGroup;
			children = (
				5E5128111E8EAEF000CDCDFB /* ConnectWithMe */,
				5E5128101E8EAEF000CDCDFB /* Products */,
			);
			sourceTree = "<group>";
		};
		5E5128101E8EAEF000CDCDFB /* Products */ = {
			isa = PBXGroup;
			children = (
				5E51280F1E8EAEF000CDCDFB /* ConnectWithMe.app */,
			);
			name = Products;
			sourceTree = "<group>";
		};
		5E5128111E8EAEF000CDCDFB /* ConnectWithMe */ = {
			isa = PBXGroup;
			children = (
				5E5128121E8EAEF000CDCDFB /* AppDelegate.swift */,
				5E5128141E8EAEF000CDCDFB /* ConnectViewController.swift */,
				5E5128271E8EB5E400CDCDFB /* ConnectionsViewController.swift */,
				5E51282F1E8EBC5C00CDCDFB /* SendEmailViewController.swift */,
				5E5128161E8EAEF000CDCDFB /* Main.storyboard */,
				5E51281C1E8EAEF000CDCDFB /* Assets.xcassets */,
				5E51281E1E8EAEF000CDCDFB /* LaunchScreen.storyboard */,
				5E5128211E8EAEF000CDCDFB /* Info.plist */,
				5E5128191E8EAEF000CDCDFB /* ConnectWithMe.xcdatamodeld */,
				5E51282D1E8EBB3A00CDCDFB /* Connection.swift */,
			);
			path = ConnectWithMe;
			sourceTree = "<group>";
		};
/* End PBXGroup section */

/* Begin PBXNativeTarget section */
		5E51280E1E8EAEF000CDCDFB /* ConnectWithMe */ = {
			isa = PBXNativeTarget;
			buildConfigurationList = 5E5128241E8EAEF000CDCDFB /* Build configuration list for PBXNativeTarget "ConnectWithMe" */;
			buildPhases = (
				5E51280B1E8EAEF000CDCDFB /* Sources */,
				5E51280C1E8EAEF000CDCDFB /* Frameworks */,
				5E51280D1E8EAEF000CDCDFB /* Resources */,
			);
			buildRules = (
			);
			dependencies = (
			);
			name = ConnectWithMe;
			productName = ConnectWithMe;
			productReference = 5E51280F1E8EAEF000CDCDFB /* ConnectWithMe.app */;
			productType = "com.apple.product-type.application";
		};
/* End PBXNativeTarget section */

/* Begin PBXProject section */
		5E5128071E8EAEF000CDCDFB /* Project object */ = {
			isa = PBXProject;
			attributes = {
				LastSwiftUpdateCheck = 0820;
				LastUpgradeCheck = 0820;
				ORGANIZATIONNAME = "George Andrews";
				TargetAttributes = {
					5E51280E1E8EAEF000CDCDFB = {
						CreatedOnToolsVersion = 8.2.1;
						DevelopmentTeam = CR9DVVMFAU;
						ProvisioningStyle = Automatic;
					};
				};
			};
			buildConfigurationList = 5E51280A1E8EAEF000CDCDFB /* Build configuration list for PBXProject "ConnectWithMe" */;
			compatibilityVersion = "Xcode 3.2";
			developmentRegion = English;
			hasScannedForEncodings = 0;
			knownRegions = (
				en,
				Base,
			);
			mainGroup = 5E5128061E8EAEF000CDCDFB;
			productRefGroup = 5E5128101E8EAEF000CDCDFB /* Products */;
			projectDirPath = "";
			projectRoot = "";
			targets = (
				5E51280E1E8EAEF000CDCDFB /* ConnectWithMe */,
			);
		};
/* End PBXProject section */

/* Begin PBXResourcesBuildPhase section */
		5E51280D1E8EAEF000CDCDFB /* Resources */ = {
			isa = PBXResourcesBuildPhase;
			buildActionMask = 2147483647;
			files = (
				5E5128201E8EAEF000CDCDFB /* LaunchScreen.storyboard in Resources */,
				5E51281D1E8EAEF000CDCDFB /* Assets.xcassets in Resources */,
				5E5128181E8EAEF000CDCDFB /* Main.storyboard in Resources */,
			);
			runOnlyForDeploymentPostprocessing = 0;
		};
/* End PBXResourcesBuildPhase section */

/* Begin PBXSourcesBuildPhase section */
		5E51280B1E8EAEF000CDCDFB /* Sources */ = {
			isa = PBXSourcesBuildPhase;
			buildActionMask = 2147483647;
			files = (
				5E5128281E8EB5E400CDCDFB /* ConnectionsViewController.swift in Sources */,
				5E51281B1E8EAEF000CDCDFB /* ConnectWithMe.xcdatamodeld in Sources */,
				5E51282E1E8EBB3A00CDCDFB /* Connection.swift in Sources */,
				5E5128301E8EBC5C00CDCDFB /* SendEmailViewController.swift in Sources */,
				5E5128151E8EAEF000CDCDFB /* ConnectViewController.swift in Sources */,
				5E5128131E8EAEF000CDCDFB /* AppDelegate.swift in Sources */,
			);
			runOnlyForDeploymentPostprocessing = 0;
		};
/* End PBXSourcesBuildPhase section */

/* Begin PBXVariantGroup section */
		5E5128161E8EAEF000CDCDFB /* Main.storyboard */ = {
			isa = PBXVariantGroup;
			children = (
				5E5128171E8EAEF000CDCDFB /* Base */,
			);
			name = Main.storyboard;
			sourceTree = "<group>";
		};
		5E51281E1E8EAEF000CDCDFB /* LaunchScreen.storyboard */ = {
			isa = PBXVariantGroup;
			children = (
				5E51281F1E8EAEF000CDCDFB /* Base */,
			);
			name = LaunchScreen.storyboard;
			sourceTree = "<group>";
		};
/* End PBXVariantGroup section */

/* Begin XCBuildConfiguration section */
		5E5128221E8EAEF000CDCDFB /* Debug */ = {
			isa = XCBuildConfiguration;
			buildSettings = {
				ALWAYS_SEARCH_USER_PATHS = NO;
				CLANG_ANALYZER_NONNULL = YES;
				CLANG_CXX_LANGUAGE_STANDARD = "gnu++0x";
				CLANG_CXX_LIBRARY = "libc++";
				CLANG_ENABLE_MODULES = YES;
				CLANG_ENABLE_OBJC_ARC = YES;
				CLANG_WARN_BOOL_CONVERSION = YES;
				CLANG_WARN_CONSTANT_CONVERSION = YES;
				CLANG_WARN_DIRECT_OBJC_ISA_USAGE = YES_ERROR;
				CLANG_WARN_DOCUMENTATION_COMMENTS = YES;
				CLANG_WARN_EMPTY_BODY = YES;
				CLANG_WARN_ENUM_CONVERSION = YES;
				CLANG_WARN_INFINITE_RECURSION = YES;
				CLANG_WARN_INT_CONVERSION = YES;
				CLANG_WARN_OBJC_ROOT_CLASS = YES_ERROR;
				CLANG_WARN_SUSPICIOUS_MOVE = YES;
				CLANG_WARN_UNREACHABLE_CODE = YES;
				CLANG_WARN__DUPLICATE_METHOD_MATCH = YES;
				"CODE_SIGN_IDENTITY[sdk=iphoneos*]" = "iPhone Developer";
				COPY_PHASE_STRIP = NO;
				DEBUG_INFORMATION_FORMAT = dwarf;
				ENABLE_STRICT_OBJC_MSGSEND = YES;
				ENABLE_TESTABILITY = YES;
				GCC_C_LANGUAGE_STANDARD = gnu99;
				GCC_DYNAMIC_NO_PIC = NO;
				GCC_NO_COMMON_BLOCKS = YES;
				GCC_OPTIMIZATION_LEVEL = 0;
				GCC_PREPROCESSOR_DEFINITIONS = (
					"DEBUG=1",
					"$(inherited)",
				);
				GCC_WARN_64_TO_32_BIT_CONVERSION = YES;
				GCC_WARN_ABOUT_RETURN_TYPE = YES_ERROR;
				GCC_WARN_UNDECLARED_SELECTOR = YES;
				GCC_WARN_UNINITIALIZED_AUTOS = YES_AGGRESSIVE;
				GCC_WARN_UNUSED_FUNCTION = YES;
				GCC_WARN_UNUSED_VARIABLE = YES;
				IPHONEOS_DEPLOYMENT_TARGET = 10.2;
				MTL_ENABLE_DEBUG_INFO = YES;
				ONLY_ACTIVE_ARCH = YES;
				SDKROOT = iphoneos;
				SWIFT_ACTIVE_COMPILATION_CONDITIONS = DEBUG;
				SWIFT_OPTIMIZATION_LEVEL = "-Onone";
				TARGETED_DEVICE_FAMILY = "1,2";
			};
			name = Debug;
		};
		5E5128231E8EAEF000CDCDFB /* Release */ = {
			isa = XCBuildConfiguration;
			buildSettings = {
				ALWAYS_SEARCH_USER_PATHS = NO;
				CLANG_ANALYZER_NONNULL = YES;
				CLANG_CXX_LANGUAGE_STANDARD = "gnu++0x";
				CLANG_CXX_LIBRARY = "libc++";
				CLANG_ENABLE_MODULES = YES;
				CLANG_ENABLE_OBJC_ARC = YES;
				CLANG_WARN_BOOL_CONVERSION = YES;
				CLANG_WARN_CONSTANT_CONVERSION = YES;
				CLANG_WARN_DIRECT_OBJC_ISA_USAGE = YES_ERROR;
				CLANG_WARN_DOCUMENTATION_COMMENTS = YES;
				CLANG_WARN_EMPTY_BODY = YES;
				CLANG_WARN_ENUM_CONVERSION = YES;
				CLANG_WARN_INFINITE_RECURSION = YES;
				CLANG_WARN_INT_CONVERSION = YES;
				CLANG_WARN_OBJC_ROOT_CLASS = YES_ERROR;
				CLANG_WARN_SUSPICIOUS_MOVE = YES;
				CLANG_WARN_UNREACHABLE_CODE = YES;
				CLANG_WARN__DUPLICATE_METHOD_MATCH = YES;
				"CODE_SIGN_IDENTITY[sdk=iphoneos*]" = "iPhone Developer";
				COPY_PHASE_STRIP = NO;
				DEBUG_INFORMATION_FORMAT = "dwarf-with-dsym";
				ENABLE_NS_ASSERTIONS = NO;
				ENABLE_STRICT_OBJC_MSGSEND = YES;
				GCC_C_LANGUAGE_STANDARD = gnu99;
				GCC_NO_COMMON_BLOCKS = YES;
				GCC_WARN_64_TO_32_BIT_CONVERSION = YES;
				GCC_WARN_ABOUT_RETURN_TYPE = YES_ERROR;
				GCC_WARN_UNDECLARED_SELECTOR = YES;
				GCC_WARN_UNINITIALIZED_AUTOS = YES_AGGRESSIVE;
				GCC_WARN_UNUSED_FUNCTION = YES;
				GCC_WARN_UNUSED_VARIABLE = YES;
				IPHONEOS_DEPLOYMENT_TARGET = 10.2;
				MTL_ENABLE_DEBUG_INFO = NO;
				SDKROOT = iphoneos;
				SWIFT_OPTIMIZATION_LEVEL = "-Owholemodule";
				TARGETED_DEVICE_FAMILY = "1,2";
				VALIDATE_PRODUCT = YES;
			};
			name = Release;
		};
		5E5128251E8EAEF000CDCDFB /* Debug */ = {
			isa = XCBuildConfiguration;
			buildSettings = {
				ASSETCATALOG_COMPILER_APPICON_NAME = AppIcon;
				DEVELOPMENT_TEAM = CR9DVVMFAU;
				INFOPLIST_FILE = ConnectWithMe/Info.plist;
				LD_RUNPATH_SEARCH_PATHS = "$(inherited) @executable_path/Frameworks";
				PRODUCT_BUNDLE_IDENTIFIER = com.iteachcoding.ConnectWithMe;
				PRODUCT_NAME = "$(TARGET_NAME)";
				SWIFT_VERSION = 3.0;
			};
			name = Debug;
		};
		5E5128261E8EAEF000CDCDFB /* Release */ = {
			isa = XCBuildConfiguration;
			buildSettings = {
				ASSETCATALOG_COMPILER_APPICON_NAME = AppIcon;
				DEVELOPMENT_TEAM = CR9DVVMFAU;
				INFOPLIST_FILE = ConnectWithMe/Info.plist;
				LD_RUNPATH_SEARCH_PATHS = "$(inherited) @executable_path/Frameworks";
				PRODUCT_BUNDLE_IDENTIFIER = com.iteachcoding.ConnectWithMe;
				PRODUCT_NAME = "$(TARGET_NAME)";
				SWIFT_VERSION = 3.0;
			};
			name = Release;
		};
/* End XCBuildConfiguration section */

/* Begin XCConfigurationList section */
		5E51280A1E8EAEF000CDCDFB /* Build configuration list for PBXProject "ConnectWithMe" */ = {
			isa = XCConfigurationList;
			buildConfigurations = (
				5E5128221E8EAEF000CDCDFB /* Debug */,
				5E5128231E8EAEF000CDCDFB /* Release */,
			);
			defaultConfigurationIsVisible = 0;
			defaultConfigurationName = Release;
		};
		5E5128241E8EAEF000CDCDFB /* Build configuration list for PBXNativeTarget "ConnectWithMe" */ = {
			isa = XCConfigurationList;
			buildConfigurations = (
				5E5128251E8EAEF000CDCDFB /* Debug */,
				5E5128261E8EAEF000CDCDFB /* Release */,
			);
			defaultConfigurationIsVisible = 0;
		};
/* End XCConfigurationList section */

/* Begin XCVersionGroup section */
		5E5128191E8EAEF000CDCDFB /* ConnectWithMe.xcdatamodeld */ = {
			isa = XCVersionGroup;
			children = (
				5E51281A1E8EAEF000CDCDFB /* ConnectWithMe.xcdatamodel */,
			);
			currentVersion = 5E51281A1E8EAEF000CDCDFB /* ConnectWithMe.xcdatamodel */;
			path = ConnectWithMe.xcdatamodeld;
			sourceTree = "<group>";
			versionGroupType = wrapper.xcdatamodel;
		};
/* End XCVersionGroup section */
	};
	rootObject = 5E5128071E8EAEF000CDCDFB /* Project object */;
}
